
Microsoft Visual Studio Solution File, Format Version 12.00
# Visual Studio Version 16
VisualStudioVersion = 16.0.33927.289
MinimumVisualStudioVersion = 10.0.40219.1
Project("{FAE04EC0-301F-11D3-BF4B-00C04F79EFBC}") = "Tyuiu.BogdanovaSA.Sprint1.Task0.V0", "Tyuiu.BogdanovaSA.Sprint1\Tyuiu.BogdanovaSA.Sprint1.Task0.V0.csproj", "{62EFB22B-B1E6-4DEE-A4D7-4B1684E8A4AB}"
EndProject
Project("{FAE04EC0-301F-11D3-BF4B-00C04F79EFBC}") = "Tyuiu.BogdanovaSA.Sprint1.Task0.V0.Lib", "Tyuiu.BogdanovaSA.Sprint1.Task0.V0.Lib\Tyuiu.BogdanovaSA.Sprint1.Task0.V0.Lib.csproj", "{A3121932-6AB6-48FD-8457-D0FAD6B0681C}"
EndProject
Project("{FAE04EC0-301F-11D3-BF4B-00C04F79EFBC}") = "Tyuiu.BogdanovaSA.Sprint1.Task0.Test", "Tyuiu.BogdanovaSA.Sprint1.Task0.Test\Tyuiu.BogdanovaSA.Sprint1.Task0.Test.csproj", "{03CDBC8E-A52D-4262-861D-183D7891A393}"
EndProject
Project("{2150E333-8FDC-42A3-9474-1A3956D46DE8}") = "Task1", "Task1", "{E5F56A47-7E13-40C8-810C-C304DFC02B02}"
EndProject
Project("{FAE04EC0-301F-11D3-BF4B-00C04F79EFBC}") = "Tyuiu.BogdanovaSA.Sprint1.Task1", "Tyuiu.BogdanovaSA.Sprint1.Task1\Tyuiu.BogdanovaSA.Sprint1.Task1.csproj", "{3F1ADD12-BD84-4F5E-82FE-5357E509FA42}"
EndProject
Project("{FAE04EC0-301F-11D3-BF4B-00C04F79EFBC}") = "Tyuiu.BogdanovaSA.Sprint1.Task1.V0.Lib", "Tyuiu.BogdanovaSA.Sprint1.Task1.V0.Lib\Tyuiu.BogdanovaSA.Sprint1.Task1.V0.Lib.csproj", "{9404A3F3-FD67-4FF9-ACA7-B41F5C74C50D}"
EndProject
Project("{FAE04EC0-301F-11D3-BF4B-00C04F79EFBC}") = "Tyuiu.BogdanovaSA.Sprint1.Task1.V0.Test", "Tyuiu.BogdanovaSA.Sprint1.Task1.V0.Test\Tyuiu.BogdanovaSA.Sprint1.Task1.V0.Test.csproj", "{9390A627-7039-47ED-863B-ADE61ADE52A7}"
EndProject
Project("{2150E333-8FDC-42A3-9474-1A3956D46DE8}") = "Task2", "Task2", "{E25F18DD-358D-4A63-8EDE-7E5539362FC6}"
EndProject
Project("{FAE04EC0-301F-11D3-BF4B-00C04F79EFBC}") = "Tyuiu.BogdanovaSA.Sprint1.Task2.V5", "Tyuiu.BogdanovaSA.Sprint1.Task2.V5\Tyuiu.BogdanovaSA.Sprint1.Task2.V5.csproj", "{EA9A23D6-ADE0-4CFE-A0B3-82EFE5349176}"
EndProject
Project("{FAE04EC0-301F-11D3-BF4B-00C04F79EFBC}") = "Tyuiu.BogdanovaSA.Sprint1.Task2.V5.Lib", "Tyuiu.BogdanovaSA.Sprint1.Task2.V5.Lib\Tyuiu.BogdanovaSA.Sprint1.Task2.V5.Lib.csproj", "{6229FFDF-B2D9-425D-ABAA-808BB5ADAF35}"
EndProject
Project("{FAE04EC0-301F-11D3-BF4B-00C04F79EFBC}") = "Tyuiu.BogdanovaSA.Sprint1.Task2.V5.Test", "Tyuiu.BogdanovaSA.Sprint1.Task2.V5.Test\Tyuiu.BogdanovaSA.Sprint1.Task2.V5.Test.csproj", "{B0E4115C-7057-4232-9B33-FFAFBCCE9E97}"
EndProject
Project("{2150E333-8FDC-42A3-9474-1A3956D46DE8}") = "Task3!", "Task3!", "{A42B6E9F-39AE-4B80-9D46-E3115994A96E}"
EndProject
Project("{FAE04EC0-301F-11D3-BF4B-00C04F79EFBC}") = "Tyuiu.BogdanovaSA.Sprint1.Task3.V5", "Tyuiu.BogdanovaSA.Sprint1.Task3.V5\Tyuiu.BogdanovaSA.Sprint1.Task3.V5.csproj", "{3BB08A8B-A522-403C-A1AD-AFFB5871CA3D}"
EndProject
Project("{FAE04EC0-301F-11D3-BF4B-00C04F79EFBC}") = "Tyuiu.BogdanovaSA.Sprint1.Task3.V5.Test", "Tyuiu.BogdanovaSA.Sprint1.Task3.V5.Test\Tyuiu.BogdanovaSA.Sprint1.Task3.V5.Test.csproj", "{E63B0127-3F70-4E39-A193-B10D7E05840C}"
EndProject
Project("{FAE04EC0-301F-11D3-BF4B-00C04F79EFBC}") = "Tyuiu.BogdanovaSA.Sprint1.Task3.V5.Lib", "Tyuiu.BogdanovaSA.Sprint1.Task3.V5.Lib\Tyuiu.BogdanovaSA.Sprint1.Task3.V5.Lib.csproj", "{3AFC20EB-7130-4783-946A-4824DEDFD1C6}"
EndProject
Project("{2150E333-8FDC-42A3-9474-1A3956D46DE8}") = "Task4", "Task4", "{D2B02577-538E-47D2-858B-8E77F13EBC72}"
EndProject
Project("{FAE04EC0-301F-11D3-BF4B-00C04F79EFBC}") = "Tyuiu.BogdanovaSA.Sprint1.Task4.V10.cons", "Tyuiu.BogdanovaSA.Sprint1.Task4.V10.cons\Tyuiu.BogdanovaSA.Sprint1.Task4.V10.cons.csproj", "{FE6CFA86-BE7A-4FF1-9E34-1D66D348946C}"
EndProject
Project("{FAE04EC0-301F-11D3-BF4B-00C04F79EFBC}") = "Tyuiu.BogdanovaSA.Sprint1.Task4.V10.Lib", "Tyuiu.BogdanovaSA.Sprint1.Task4.V10.Lib\Tyuiu.BogdanovaSA.Sprint1.Task4.V10.Lib.csproj", "{55B9B480-78C9-4215-8F86-4B5AD1C7AD05}"
EndProject
Project("{FAE04EC0-301F-11D3-BF4B-00C04F79EFBC}") = "Tyuiu.BogdanovaSA.Sprint1.Task4V10.Test", "Tyuiu.BogdanovaSA.Sprint1.Task4V10.Test\Tyuiu.BogdanovaSA.Sprint1.Task4V10.Test.csproj", "{3A45D948-336D-4230-8BD2-9DBE9C3A608F}"
EndProject
Project("{2150E333-8FDC-42A3-9474-1A3956D46DE8}") = "Task5", "Task5", "{27E503CC-4DDD-4EF2-91EF-FFD9F5AD3064}"
EndProject
Project("{FAE04EC0-301F-11D3-BF4B-00C04F79EFBC}") = "Tyuiu.BogdanovaSA.Sprint1.Task5.V2.cons", "Tyuiu.BogdanovaSA.Sprint1.Task5.V0.cons\Tyuiu.BogdanovaSA.Sprint1.Task5.V2.cons.csproj", "{BDFF368F-1283-4E0F-9B31-2CC3CEA9688A}"
EndProject
Project("{FAE04EC0-301F-11D3-BF4B-00C04F79EFBC}") = "Tyuiu.BogdanovaSA.Sprint1.Task5.V2.Lib", "Tyuiu.BogdanovaSA.Sprint1.Task5.V0.Lib\Tyuiu.BogdanovaSA.Sprint1.Task5.V2.Lib.csproj", "{FD133516-1DC0-4C62-A5C7-A7DFFCDA6CA3}"
EndProject
Project("{FAE04EC0-301F-11D3-BF4B-00C04F79EFBC}") = "Tyuiu.BogdanovaSA.Sprint1.Task5.V2.Test", "Tyuiu.BogdanovaSA.Sprint1.Task5.V2.Test\Tyuiu.BogdanovaSA.Sprint1.Task5.V2.Test.csproj", "{BFCA2933-D5C5-42DF-87DB-454BD1739BAD}"
EndProject
Project("{2150E333-8FDC-42A3-9474-1A3956D46DE8}") = "Task6", "Task6", "{F3AA8CB4-E89E-4189-A45D-47BD7BDA8A26}"
EndProject
Project("{FAE04EC0-301F-11D3-BF4B-00C04F79EFBC}") = "Tyuiu.BogdanovaSA.Sprint1.Task6.V4", "Tyuiu.BogdanovaSA.Sprint1.Task6.V4\Tyuiu.BogdanovaSA.Sprint1.Task6.V4.csproj", "{0967B78A-2CD9-4FAB-A659-2C553DACEF7B}"
EndProject
Project("{FAE04EC0-301F-11D3-BF4B-00C04F79EFBC}") = "Tyuiu.BogdanovaSA.Sprint1.Task6.V4.Lib", "Tyuiu.BogdanovaSA.Sprint1.Task6.V4.Lib\Tyuiu.BogdanovaSA.Sprint1.Task6.V4.Lib.csproj", "{0A6C9B2B-DDFD-458C-A778-60573ACF0E8E}"
EndProject
Project("{FAE04EC0-301F-11D3-BF4B-00C04F79EFBC}") = "Tyuiu.BogdanovaSA.Sprint1.Task6.V4.Test", "Tyuiu.BogdanovaSA.Sprint1.Task6.V4.Test\Tyuiu.BogdanovaSA.Sprint1.Task6.V4.Test.csproj", "{32F340E8-053B-4CDC-9EDD-B12D9B3D4271}"
EndProject
Global
	GlobalSection(SolutionConfigurationPlatforms) = preSolution
		Debug|Any CPU = Debug|Any CPU
		Debug|x64 = Debug|x64
		Debug|x86 = Debug|x86
		Release|Any CPU = Release|Any CPU
		Release|x64 = Release|x64
		Release|x86 = Release|x86
	EndGlobalSection
	GlobalSection(ProjectConfigurationPlatforms) = postSolution
		{62EFB22B-B1E6-4DEE-A4D7-4B1684E8A4AB}.Debug|Any CPU.ActiveCfg = Debug|Any CPU
		{62EFB22B-B1E6-4DEE-A4D7-4B1684E8A4AB}.Debug|Any CPU.Build.0 = Debug|Any CPU
		{62EFB22B-B1E6-4DEE-A4D7-4B1684E8A4AB}.Debug|x64.ActiveCfg = Debug|Any CPU
		{62EFB22B-B1E6-4DEE-A4D7-4B1684E8A4AB}.Debug|x64.Build.0 = Debug|Any CPU
		{62EFB22B-B1E6-4DEE-A4D7-4B1684E8A4AB}.Debug|x86.ActiveCfg = Debug|Any CPU
		{62EFB22B-B1E6-4DEE-A4D7-4B1684E8A4AB}.Debug|x86.Build.0 = Debug|Any CPU
		{62EFB22B-B1E6-4DEE-A4D7-4B1684E8A4AB}.Release|Any CPU.ActiveCfg = Release|Any CPU
		{62EFB22B-B1E6-4DEE-A4D7-4B1684E8A4AB}.Release|Any CPU.Build.0 = Release|Any CPU
		{62EFB22B-B1E6-4DEE-A4D7-4B1684E8A4AB}.Release|x64.ActiveCfg = Release|Any CPU
		{62EFB22B-B1E6-4DEE-A4D7-4B1684E8A4AB}.Release|x64.Build.0 = Release|Any CPU
		{62EFB22B-B1E6-4DEE-A4D7-4B1684E8A4AB}.Release|x86.ActiveCfg = Release|Any CPU
		{62EFB22B-B1E6-4DEE-A4D7-4B1684E8A4AB}.Release|x86.Build.0 = Release|Any CPU
		{A3121932-6AB6-48FD-8457-D0FAD6B0681C}.Debug|Any CPU.ActiveCfg = Debug|Any CPU
		{A3121932-6AB6-48FD-8457-D0FAD6B0681C}.Debug|Any CPU.Build.0 = Debug|Any CPU
		{A3121932-6AB6-48FD-8457-D0FAD6B0681C}.Debug|x64.ActiveCfg = Debug|Any CPU
		{A3121932-6AB6-48FD-8457-D0FAD6B0681C}.Debug|x64.Build.0 = Debug|Any CPU
		{A3121932-6AB6-48FD-8457-D0FAD6B0681C}.Debug|x86.ActiveCfg = Debug|Any CPU
		{A3121932-6AB6-48FD-8457-D0FAD6B0681C}.Debug|x86.Build.0 = Debug|Any CPU
		{A3121932-6AB6-48FD-8457-D0FAD6B0681C}.Release|Any CPU.ActiveCfg = Release|Any CPU
		{A3121932-6AB6-48FD-8457-D0FAD6B0681C}.Release|Any CPU.Build.0 = Release|Any CPU
		{A3121932-6AB6-48FD-8457-D0FAD6B0681C}.Release|x64.ActiveCfg = Release|Any CPU
		{A3121932-6AB6-48FD-8457-D0FAD6B0681C}.Release|x64.Build.0 = Release|Any CPU
		{A3121932-6AB6-48FD-8457-D0FAD6B0681C}.Release|x86.ActiveCfg = Release|Any CPU
		{A3121932-6AB6-48FD-8457-D0FAD6B0681C}.Release|x86.Build.0 = Release|Any CPU
		{03CDBC8E-A52D-4262-861D-183D7891A393}.Debug|Any CPU.ActiveCfg = Debug|Any CPU
		{03CDBC8E-A52D-4262-861D-183D7891A393}.Debug|Any CPU.Build.0 = Debug|Any CPU
		{03CDBC8E-A52D-4262-861D-183D7891A393}.Debug|x64.ActiveCfg = Debug|Any CPU
		{03CDBC8E-A52D-4262-861D-183D7891A393}.Debug|x64.Build.0 = Debug|Any CPU
		{03CDBC8E-A52D-4262-861D-183D7891A393}.Debug|x86.ActiveCfg = Debug|Any CPU
		{03CDBC8E-A52D-4262-861D-183D7891A393}.Debug|x86.Build.0 = Debug|Any CPU
		{03CDBC8E-A52D-4262-861D-183D7891A393}.Release|Any CPU.ActiveCfg = Release|Any CPU
		{03CDBC8E-A52D-4262-861D-183D7891A393}.Release|Any CPU.Build.0 = Release|Any CPU
		{03CDBC8E-A52D-4262-861D-183D7891A393}.Release|x64.ActiveCfg = Release|Any CPU
		{03CDBC8E-A52D-4262-861D-183D7891A393}.Release|x64.Build.0 = Release|Any CPU
		{03CDBC8E-A52D-4262-861D-183D7891A393}.Release|x86.ActiveCfg = Release|Any CPU
		{03CDBC8E-A52D-4262-861D-183D7891A393}.Release|x86.Build.0 = Release|Any CPU
		{3F1ADD12-BD84-4F5E-82FE-5357E509FA42}.Debug|Any CPU.ActiveCfg = Debug|Any CPU
		{3F1ADD12-BD84-4F5E-82FE-5357E509FA42}.Debug|Any CPU.Build.0 = Debug|Any CPU
		{3F1ADD12-BD84-4F5E-82FE-5357E509FA42}.Debug|x64.ActiveCfg = Debug|Any CPU
		{3F1ADD12-BD84-4F5E-82FE-5357E509FA42}.Debug|x64.Build.0 = Debug|Any CPU
		{3F1ADD12-BD84-4F5E-82FE-5357E509FA42}.Debug|x86.ActiveCfg = Debug|Any CPU
		{3F1ADD12-BD84-4F5E-82FE-5357E509FA42}.Debug|x86.Build.0 = Debug|Any CPU
		{3F1ADD12-BD84-4F5E-82FE-5357E509FA42}.Release|Any CPU.ActiveCfg = Release|Any CPU
		{3F1ADD12-BD84-4F5E-82FE-5357E509FA42}.Release|Any CPU.Build.0 = Release|Any CPU
		{3F1ADD12-BD84-4F5E-82FE-5357E509FA42}.Release|x64.ActiveCfg = Release|Any CPU
		{3F1ADD12-BD84-4F5E-82FE-5357E509FA42}.Release|x64.Build.0 = Release|Any CPU
		{3F1ADD12-BD84-4F5E-82FE-5357E509FA42}.Release|x86.ActiveCfg = Release|Any CPU
		{3F1ADD12-BD84-4F5E-82FE-5357E509FA42}.Release|x86.Build.0 = Release|Any CPU
		{9404A3F3-FD67-4FF9-ACA7-B41F5C74C50D}.Debug|Any CPU.ActiveCfg = Debug|Any CPU
		{9404A3F3-FD67-4FF9-ACA7-B41F5C74C50D}.Debug|Any CPU.Build.0 = Debug|Any CPU
		{9404A3F3-FD67-4FF9-ACA7-B41F5C74C50D}.Debug|x64.ActiveCfg = Debug|Any CPU
		{9404A3F3-FD67-4FF9-ACA7-B41F5C74C50D}.Debug|x64.Build.0 = Debug|Any CPU
		{9404A3F3-FD67-4FF9-ACA7-B41F5C74C50D}.Debug|x86.ActiveCfg = Debug|Any CPU
		{9404A3F3-FD67-4FF9-ACA7-B41F5C74C50D}.Debug|x86.Build.0 = Debug|Any CPU
		{9404A3F3-FD67-4FF9-ACA7-B41F5C74C50D}.Release|Any CPU.ActiveCfg = Release|Any CPU
		{9404A3F3-FD67-4FF9-ACA7-B41F5C74C50D}.Release|Any CPU.Build.0 = Release|Any CPU
		{9404A3F3-FD67-4FF9-ACA7-B41F5C74C50D}.Release|x64.ActiveCfg = Release|Any CPU
		{9404A3F3-FD67-4FF9-ACA7-B41F5C74C50D}.Release|x64.Build.0 = Release|Any CPU
		{9404A3F3-FD67-4FF9-ACA7-B41F5C74C50D}.Release|x86.ActiveCfg = Release|Any CPU
		{9404A3F3-FD67-4FF9-ACA7-B41F5C74C50D}.Release|x86.Build.0 = Release|Any CPU
		{9390A627-7039-47ED-863B-ADE61ADE52A7}.Debug|Any CPU.ActiveCfg = Debug|Any CPU
		{9390A627-7039-47ED-863B-ADE61ADE52A7}.Debug|Any CPU.Build.0 = Debug|Any CPU
		{9390A627-7039-47ED-863B-ADE61ADE52A7}.Debug|x64.ActiveCfg = Debug|Any CPU
		{9390A627-7039-47ED-863B-ADE61ADE52A7}.Debug|x64.Build.0 = Debug|Any CPU
		{9390A627-7039-47ED-863B-ADE61ADE52A7}.Debug|x86.ActiveCfg = Debug|Any CPU
		{9390A627-7039-47ED-863B-ADE61ADE52A7}.Debug|x86.Build.0 = Debug|Any CPU
		{9390A627-7039-47ED-863B-ADE61ADE52A7}.Release|Any CPU.ActiveCfg = Release|Any CPU
		{9390A627-7039-47ED-863B-ADE61ADE52A7}.Release|Any CPU.Build.0 = Release|Any CPU
		{9390A627-7039-47ED-863B-ADE61ADE52A7}.Release|x64.ActiveCfg = Release|Any CPU
		{9390A627-7039-47ED-863B-ADE61ADE52A7}.Release|x64.Build.0 = Release|Any CPU
		{9390A627-7039-47ED-863B-ADE61ADE52A7}.Release|x86.ActiveCfg = Release|Any CPU
		{9390A627-7039-47ED-863B-ADE61ADE52A7}.Release|x86.Build.0 = Release|Any CPU
		{EA9A23D6-ADE0-4CFE-A0B3-82EFE5349176}.Debug|Any CPU.ActiveCfg = Debug|Any CPU
		{EA9A23D6-ADE0-4CFE-A0B3-82EFE5349176}.Debug|Any CPU.Build.0 = Debug|Any CPU
		{EA9A23D6-ADE0-4CFE-A0B3-82EFE5349176}.Debug|x64.ActiveCfg = Debug|Any CPU
		{EA9A23D6-ADE0-4CFE-A0B3-82EFE5349176}.Debug|x64.Build.0 = Debug|Any CPU
		{EA9A23D6-ADE0-4CFE-A0B3-82EFE5349176}.Debug|x86.ActiveCfg = Debug|Any CPU
		{EA9A23D6-ADE0-4CFE-A0B3-82EFE5349176}.Debug|x86.Build.0 = Debug|Any CPU
		{EA9A23D6-ADE0-4CFE-A0B3-82EFE5349176}.Release|Any CPU.ActiveCfg = Release|Any CPU
		{EA9A23D6-ADE0-4CFE-A0B3-82EFE5349176}.Release|Any CPU.Build.0 = Release|Any CPU
		{EA9A23D6-ADE0-4CFE-A0B3-82EFE5349176}.Release|x64.ActiveCfg = Release|Any CPU
		{EA9A23D6-ADE0-4CFE-A0B3-82EFE5349176}.Release|x64.Build.0 = Release|Any CPU
		{EA9A23D6-ADE0-4CFE-A0B3-82EFE5349176}.Release|x86.ActiveCfg = Release|Any CPU
		{EA9A23D6-ADE0-4CFE-A0B3-82EFE5349176}.Release|x86.Build.0 = Release|Any CPU
		{6229FFDF-B2D9-425D-ABAA-808BB5ADAF35}.Debug|Any CPU.ActiveCfg = Debug|Any CPU
		{6229FFDF-B2D9-425D-ABAA-808BB5ADAF35}.Debug|Any CPU.Build.0 = Debug|Any CPU
		{6229FFDF-B2D9-425D-ABAA-808BB5ADAF35}.Debug|x64.ActiveCfg = Debug|Any CPU
		{6229FFDF-B2D9-425D-ABAA-808BB5ADAF35}.Debug|x64.Build.0 = Debug|Any CPU
		{6229FFDF-B2D9-425D-ABAA-808BB5ADAF35}.Debug|x86.ActiveCfg = Debug|Any CPU
		{6229FFDF-B2D9-425D-ABAA-808BB5ADAF35}.Debug|x86.Build.0 = Debug|Any CPU
		{6229FFDF-B2D9-425D-ABAA-808BB5ADAF35}.Release|Any CPU.ActiveCfg = Release|Any CPU
		{6229FFDF-B2D9-425D-ABAA-808BB5ADAF35}.Release|Any CPU.Build.0 = Release|Any CPU
		{6229FFDF-B2D9-425D-ABAA-808BB5ADAF35}.Release|x64.ActiveCfg = Release|Any CPU
		{6229FFDF-B2D9-425D-ABAA-808BB5ADAF35}.Release|x64.Build.0 = Release|Any CPU
		{6229FFDF-B2D9-425D-ABAA-808BB5ADAF35}.Release|x86.ActiveCfg = Release|Any CPU
		{6229FFDF-B2D9-425D-ABAA-808BB5ADAF35}.Release|x86.Build.0 = Release|Any CPU
		{B0E4115C-7057-4232-9B33-FFAFBCCE9E97}.Debug|Any CPU.ActiveCfg = Debug|Any CPU
		{B0E4115C-7057-4232-9B33-FFAFBCCE9E97}.Debug|Any CPU.Build.0 = Debug|Any CPU
		{B0E4115C-7057-4232-9B33-FFAFBCCE9E97}.Debug|x64.ActiveCfg = Debug|Any CPU
		{B0E4115C-7057-4232-9B33-FFAFBCCE9E97}.Debug|x64.Build.0 = Debug|Any CPU
		{B0E4115C-7057-4232-9B33-FFAFBCCE9E97}.Debug|x86.ActiveCfg = Debug|Any CPU
		{B0E4115C-7057-4232-9B33-FFAFBCCE9E97}.Debug|x86.Build.0 = Debug|Any CPU
		{B0E4115C-7057-4232-9B33-FFAFBCCE9E97}.Release|Any CPU.ActiveCfg = Release|Any CPU
		{B0E4115C-7057-4232-9B33-FFAFBCCE9E97}.Release|Any CPU.Build.0 = Release|Any CPU
		{B0E4115C-7057-4232-9B33-FFAFBCCE9E97}.Release|x64.ActiveCfg = Release|Any CPU
		{B0E4115C-7057-4232-9B33-FFAFBCCE9E97}.Release|x64.Build.0 = Release|Any CPU
		{B0E4115C-7057-4232-9B33-FFAFBCCE9E97}.Release|x86.ActiveCfg = Release|Any CPU
		{B0E4115C-7057-4232-9B33-FFAFBCCE9E97}.Release|x86.Build.0 = Release|Any CPU
		{3BB08A8B-A522-403C-A1AD-AFFB5871CA3D}.Debug|Any CPU.ActiveCfg = Debug|Any CPU
		{3BB08A8B-A522-403C-A1AD-AFFB5871CA3D}.Debug|Any CPU.Build.0 = Debug|Any CPU
		{3BB08A8B-A522-403C-A1AD-AFFB5871CA3D}.Debug|x64.ActiveCfg = Debug|Any CPU
		{3BB08A8B-A522-403C-A1AD-AFFB5871CA3D}.Debug|x64.Build.0 = Debug|Any CPU
		{3BB08A8B-A522-403C-A1AD-AFFB5871CA3D}.Debug|x86.ActiveCfg = Debug|Any CPU
		{3BB08A8B-A522-403C-A1AD-AFFB5871CA3D}.Debug|x86.Build.0 = Debug|Any CPU
		{3BB08A8B-A522-403C-A1AD-AFFB5871CA3D}.Release|Any CPU.ActiveCfg = Release|Any CPU
		{3BB08A8B-A522-403C-A1AD-AFFB5871CA3D}.Release|Any CPU.Build.0 = Release|Any CPU
		{3BB08A8B-A522-403C-A1AD-AFFB5871CA3D}.Release|x64.ActiveCfg = Release|Any CPU
		{3BB08A8B-A522-403C-A1AD-AFFB5871CA3D}.Release|x64.Build.0 = Release|Any CPU
		{3BB08A8B-A522-403C-A1AD-AFFB5871CA3D}.Release|x86.ActiveCfg = Release|Any CPU
		{3BB08A8B-A522-403C-A1AD-AFFB5871CA3D}.Release|x86.Build.0 = Release|Any CPU
		{E63B0127-3F70-4E39-A193-B10D7E05840C}.Debug|Any CPU.ActiveCfg = Debug|Any CPU
		{E63B0127-3F70-4E39-A193-B10D7E05840C}.Debug|Any CPU.Build.0 = Debug|Any CPU
		{E63B0127-3F70-4E39-A193-B10D7E05840C}.Debug|x64.ActiveCfg = Debug|Any CPU
		{E63B0127-3F70-4E39-A193-B10D7E05840C}.Debug|x64.Build.0 = Debug|Any CPU
		{E63B0127-3F70-4E39-A193-B10D7E05840C}.Debug|x86.ActiveCfg = Debug|Any CPU
		{E63B0127-3F70-4E39-A193-B10D7E05840C}.Debug|x86.Build.0 = Debug|Any CPU
		{E63B0127-3F70-4E39-A193-B10D7E05840C}.Release|Any CPU.ActiveCfg = Release|Any CPU
		{E63B0127-3F70-4E39-A193-B10D7E05840C}.Release|Any CPU.Build.0 = Release|Any CPU
		{E63B0127-3F70-4E39-A193-B10D7E05840C}.Release|x64.ActiveCfg = Release|Any CPU
		{E63B0127-3F70-4E39-A193-B10D7E05840C}.Release|x64.Build.0 = Release|Any CPU
		{E63B0127-3F70-4E39-A193-B10D7E05840C}.Release|x86.ActiveCfg = Release|Any CPU
		{E63B0127-3F70-4E39-A193-B10D7E05840C}.Release|x86.Build.0 = Release|Any CPU
		{3AFC20EB-7130-4783-946A-4824DEDFD1C6}.Debug|Any CPU.ActiveCfg = Debug|Any CPU
		{3AFC20EB-7130-4783-946A-4824DEDFD1C6}.Debug|Any CPU.Build.0 = Debug|Any CPU
		{3AFC20EB-7130-4783-946A-4824DEDFD1C6}.Debug|x64.ActiveCfg = Debug|Any CPU
		{3AFC20EB-7130-4783-946A-4824DEDFD1C6}.Debug|x64.Build.0 = Debug|Any CPU
		{3AFC20EB-7130-4783-946A-4824DEDFD1C6}.Debug|x86.ActiveCfg = Debug|Any CPU
		{3AFC20EB-7130-4783-946A-4824DEDFD1C6}.Debug|x86.Build.0 = Debug|Any CPU
		{3AFC20EB-7130-4783-946A-4824DEDFD1C6}.Release|Any CPU.ActiveCfg = Release|Any CPU
		{3AFC20EB-7130-4783-946A-4824DEDFD1C6}.Release|Any CPU.Build.0 = Release|Any CPU
		{3AFC20EB-7130-4783-946A-4824DEDFD1C6}.Release|x64.ActiveCfg = Release|Any CPU
		{3AFC20EB-7130-4783-946A-4824DEDFD1C6}.Release|x64.Build.0 = Release|Any CPU
		{3AFC20EB-7130-4783-946A-4824DEDFD1C6}.Release|x86.ActiveCfg = Release|Any CPU
		{3AFC20EB-7130-4783-946A-4824DEDFD1C6}.Release|x86.Build.0 = Release|Any CPU
		{FE6CFA86-BE7A-4FF1-9E34-1D66D348946C}.Debug|Any CPU.ActiveCfg = Debug|Any CPU
		{FE6CFA86-BE7A-4FF1-9E34-1D66D348946C}.Debug|Any CPU.Build.0 = Debug|Any CPU
		{FE6CFA86-BE7A-4FF1-9E34-1D66D348946C}.Debug|x64.ActiveCfg = Debug|Any CPU
		{FE6CFA86-BE7A-4FF1-9E34-1D66D348946C}.Debug|x64.Build.0 = Debug|Any CPU
		{FE6CFA86-BE7A-4FF1-9E34-1D66D348946C}.Debug|x86.ActiveCfg = Debug|Any CPU
		{FE6CFA86-BE7A-4FF1-9E34-1D66D348946C}.Debug|x86.Build.0 = Debug|Any CPU
		{FE6CFA86-BE7A-4FF1-9E34-1D66D348946C}.Release|Any CPU.ActiveCfg = Release|Any CPU
		{FE6CFA86-BE7A-4FF1-9E34-1D66D348946C}.Release|Any CPU.Build.0 = Release|Any CPU
		{FE6CFA86-BE7A-4FF1-9E34-1D66D348946C}.Release|x64.ActiveCfg = Release|Any CPU
		{FE6CFA86-BE7A-4FF1-9E34-1D66D348946C}.Release|x64.Build.0 = Release|Any CPU
		{FE6CFA86-BE7A-4FF1-9E34-1D66D348946C}.Release|x86.ActiveCfg = Release|Any CPU
		{FE6CFA86-BE7A-4FF1-9E34-1D66D348946C}.Release|x86.Build.0 = Release|Any CPU
		{55B9B480-78C9-4215-8F86-4B5AD1C7AD05}.Debug|Any CPU.ActiveCfg = Debug|Any CPU
		{55B9B480-78C9-4215-8F86-4B5AD1C7AD05}.Debug|Any CPU.Build.0 = Debug|Any CPU
		{55B9B480-78C9-4215-8F86-4B5AD1C7AD05}.Debug|x64.ActiveCfg = Debug|Any CPU
		{55B9B480-78C9-4215-8F86-4B5AD1C7AD05}.Debug|x64.Build.0 = Debug|Any CPU
		{55B9B480-78C9-4215-8F86-4B5AD1C7AD05}.Debug|x86.ActiveCfg = Debug|Any CPU
		{55B9B480-78C9-4215-8F86-4B5AD1C7AD05}.Debug|x86.Build.0 = Debug|Any CPU
		{55B9B480-78C9-4215-8F86-4B5AD1C7AD05}.Release|Any CPU.ActiveCfg = Release|Any CPU
		{55B9B480-78C9-4215-8F86-4B5AD1C7AD05}.Release|Any CPU.Build.0 = Release|Any CPU
		{55B9B480-78C9-4215-8F86-4B5AD1C7AD05}.Release|x64.ActiveCfg = Release|Any CPU
		{55B9B480-78C9-4215-8F86-4B5AD1C7AD05}.Release|x64.Build.0 = Release|Any CPU
		{55B9B480-78C9-4215-8F86-4B5AD1C7AD05}.Release|x86.ActiveCfg = Release|Any CPU
		{55B9B480-78C9-4215-8F86-4B5AD1C7AD05}.Release|x86.Build.0 = Release|Any CPU
		{3A45D948-336D-4230-8BD2-9DBE9C3A608F}.Debug|Any CPU.ActiveCfg = Debug|Any CPU
		{3A45D948-336D-4230-8BD2-9DBE9C3A608F}.Debug|Any CPU.Build.0 = Debug|Any CPU
		{3A45D948-336D-4230-8BD2-9DBE9C3A608F}.Debug|x64.ActiveCfg = Debug|Any CPU
		{3A45D948-336D-4230-8BD2-9DBE9C3A608F}.Debug|x64.Build.0 = Debug|Any CPU
		{3A45D948-336D-4230-8BD2-9DBE9C3A608F}.Debug|x86.ActiveCfg = Debug|Any CPU
		{3A45D948-336D-4230-8BD2-9DBE9C3A608F}.Debug|x86.Build.0 = Debug|Any CPU
		{3A45D948-336D-4230-8BD2-9DBE9C3A608F}.Release|Any CPU.ActiveCfg = Release|Any CPU
		{3A45D948-336D-4230-8BD2-9DBE9C3A608F}.Release|Any CPU.Build.0 = Release|Any CPU
		{3A45D948-336D-4230-8BD2-9DBE9C3A608F}.Release|x64.ActiveCfg = Release|Any CPU
		{3A45D948-336D-4230-8BD2-9DBE9C3A608F}.Release|x64.Build.0 = Release|Any CPU
		{3A45D948-336D-4230-8BD2-9DBE9C3A608F}.Release|x86.ActiveCfg = Release|Any CPU
		{3A45D948-336D-4230-8BD2-9DBE9C3A608F}.Release|x86.Build.0 = Release|Any CPU
		{BDFF368F-1283-4E0F-9B31-2CC3CEA9688A}.Debug|Any CPU.ActiveCfg = Debug|Any CPU
		{BDFF368F-1283-4E0F-9B31-2CC3CEA9688A}.Debug|Any CPU.Build.0 = Debug|Any CPU
		{BDFF368F-1283-4E0F-9B31-2CC3CEA9688A}.Debug|x64.ActiveCfg = Debug|Any CPU
		{BDFF368F-1283-4E0F-9B31-2CC3CEA9688A}.Debug|x64.Build.0 = Debug|Any CPU
		{BDFF368F-1283-4E0F-9B31-2CC3CEA9688A}.Debug|x86.ActiveCfg = Debug|Any CPU
		{BDFF368F-1283-4E0F-9B31-2CC3CEA9688A}.Debug|x86.Build.0 = Debug|Any CPU
		{BDFF368F-1283-4E0F-9B31-2CC3CEA9688A}.Release|Any CPU.ActiveCfg = Release|Any CPU
		{BDFF368F-1283-4E0F-9B31-2CC3CEA9688A}.Release|Any CPU.Build.0 = Release|Any CPU
		{BDFF368F-1283-4E0F-9B31-2CC3CEA9688A}.Release|x64.ActiveCfg = Release|Any CPU
		{BDFF368F-1283-4E0F-9B31-2CC3CEA9688A}.Release|x64.Build.0 = Release|Any CPU
		{BDFF368F-1283-4E0F-9B31-2CC3CEA9688A}.Release|x86.ActiveCfg = Release|Any CPU
		{BDFF368F-1283-4E0F-9B31-2CC3CEA9688A}.Release|x86.Build.0 = Release|Any CPU
		{FD133516-1DC0-4C62-A5C7-A7DFFCDA6CA3}.Debug|Any CPU.ActiveCfg = Debug|Any CPU
		{FD133516-1DC0-4C62-A5C7-A7DFFCDA6CA3}.Debug|Any CPU.Build.0 = Debug|Any CPU
		{FD133516-1DC0-4C62-A5C7-A7DFFCDA6CA3}.Debug|x64.ActiveCfg = Debug|Any CPU
		{FD133516-1DC0-4C62-A5C7-A7DFFCDA6CA3}.Debug|x64.Build.0 = Debug|Any CPU
		{FD133516-1DC0-4C62-A5C7-A7DFFCDA6CA3}.Debug|x86.ActiveCfg = Debug|Any CPU
		{FD133516-1DC0-4C62-A5C7-A7DFFCDA6CA3}.Debug|x86.Build.0 = Debug|Any CPU
		{FD133516-1DC0-4C62-A5C7-A7DFFCDA6CA3}.Release|Any CPU.ActiveCfg = Release|Any CPU
		{FD133516-1DC0-4C62-A5C7-A7DFFCDA6CA3}.Release|Any CPU.Build.0 = Release|Any CPU
		{FD133516-1DC0-4C62-A5C7-A7DFFCDA6CA3}.Release|x64.ActiveCfg = Release|Any CPU
		{FD133516-1DC0-4C62-A5C7-A7DFFCDA6CA3}.Release|x64.Build.0 = Release|Any CPU
		{FD133516-1DC0-4C62-A5C7-A7DFFCDA6CA3}.Release|x86.ActiveCfg = Release|Any CPU
		{FD133516-1DC0-4C62-A5C7-A7DFFCDA6CA3}.Release|x86.Build.0 = Release|Any CPU
		{BFCA2933-D5C5-42DF-87DB-454BD1739BAD}.Debug|Any CPU.ActiveCfg = Debug|Any CPU
		{BFCA2933-D5C5-42DF-87DB-454BD1739BAD}.Debug|Any CPU.Build.0 = Debug|Any CPU
		{BFCA2933-D5C5-42DF-87DB-454BD1739BAD}.Debug|x64.ActiveCfg = Debug|Any CPU
		{BFCA2933-D5C5-42DF-87DB-454BD1739BAD}.Debug|x64.Build.0 = Debug|Any CPU
		{BFCA2933-D5C5-42DF-87DB-454BD1739BAD}.Debug|x86.ActiveCfg = Debug|Any CPU
		{BFCA2933-D5C5-42DF-87DB-454BD1739BAD}.Debug|x86.Build.0 = Debug|Any CPU
		{BFCA2933-D5C5-42DF-87DB-454BD1739BAD}.Release|Any CPU.ActiveCfg = Release|Any CPU
		{BFCA2933-D5C5-42DF-87DB-454BD1739BAD}.Release|Any CPU.Build.0 = Release|Any CPU
		{BFCA2933-D5C5-42DF-87DB-454BD1739BAD}.Release|x64.ActiveCfg = Release|Any CPU
		{BFCA2933-D5C5-42DF-87DB-454BD1739BAD}.Release|x64.Build.0 = Release|Any CPU
		{BFCA2933-D5C5-42DF-87DB-454BD1739BAD}.Release|x86.ActiveCfg = Release|Any CPU
		{BFCA2933-D5C5-42DF-87DB-454BD1739BAD}.Release|x86.Build.0 = Release|Any CPU
		{0967B78A-2CD9-4FAB-A659-2C553DACEF7B}.Debug|Any CPU.ActiveCfg = Debug|Any CPU
		{0967B78A-2CD9-4FAB-A659-2C553DACEF7B}.Debug|Any CPU.Build.0 = Debug|Any CPU
		{0967B78A-2CD9-4FAB-A659-2C553DACEF7B}.Debug|x64.ActiveCfg = Debug|Any CPU
		{0967B78A-2CD9-4FAB-A659-2C553DACEF7B}.Debug|x64.Build.0 = Debug|Any CPU
		{0967B78A-2CD9-4FAB-A659-2C553DACEF7B}.Debug|x86.ActiveCfg = Debug|Any CPU
		{0967B78A-2CD9-4FAB-A659-2C553DACEF7B}.Debug|x86.Build.0 = Debug|Any CPU
		{0967B78A-2CD9-4FAB-A659-2C553DACEF7B}.Release|Any CPU.ActiveCfg = Release|Any CPU
		{0967B78A-2CD9-4FAB-A659-2C553DACEF7B}.Release|Any CPU.Build.0 = Release|Any CPU
		{0967B78A-2CD9-4FAB-A659-2C553DACEF7B}.Release|x64.ActiveCfg = Release|Any CPU
		{0967B78A-2CD9-4FAB-A659-2C553DACEF7B}.Release|x64.Build.0 = Release|Any CPU
		{0967B78A-2CD9-4FAB-A659-2C553DACEF7B}.Release|x86.ActiveCfg = Release|Any CPU
		{0967B78A-2CD9-4FAB-A659-2C553DACEF7B}.Release|x86.Build.0 = Release|Any CPU
		{0A6C9B2B-DDFD-458C-A778-60573ACF0E8E}.Debug|Any CPU.ActiveCfg = Debug|Any CPU
		{0A6C9B2B-DDFD-458C-A778-60573ACF0E8E}.Debug|Any CPU.Build.0 = Debug|Any CPU
		{0A6C9B2B-DDFD-458C-A778-60573ACF0E8E}.Debug|x64.ActiveCfg = Debug|Any CPU
		{0A6C9B2B-DDFD-458C-A778-60573ACF0E8E}.Debug|x64.Build.0 = Debug|Any CPU
		{0A6C9B2B-DDFD-458C-A778-60573ACF0E8E}.Debug|x86.ActiveCfg = Debug|Any CPU
		{0A6C9B2B-DDFD-458C-A778-60573ACF0E8E}.Debug|x86.Build.0 = Debug|Any CPU
		{0A6C9B2B-DDFD-458C-A778-60573ACF0E8E}.Release|Any CPU.ActiveCfg = Release|Any CPU
		{0A6C9B2B-DDFD-458C-A778-60573ACF0E8E}.Release|Any CPU.Build.0 = Release|Any CPU
		{0A6C9B2B-DDFD-458C-A778-60573ACF0E8E}.Release|x64.ActiveCfg = Release|Any CPU
		{0A6C9B2B-DDFD-458C-A778-60573ACF0E8E}.Release|x64.Build.0 = Release|Any CPU
		{0A6C9B2B-DDFD-458C-A778-60573ACF0E8E}.Release|x86.ActiveCfg = Release|Any CPU
		{0A6C9B2B-DDFD-458C-A778-60573ACF0E8E}.Release|x86.Build.0 = Release|Any CPU
		{32F340E8-053B-4CDC-9EDD-B12D9B3D4271}.Debug|Any CPU.ActiveCfg = Debug|Any CPU
		{32F340E8-053B-4CDC-9EDD-B12D9B3D4271}.Debug|Any CPU.Build.0 = Debug|Any CPU
		{32F340E8-053B-4CDC-9EDD-B12D9B3D4271}.Debug|x64.ActiveCfg = Debug|Any CPU
		{32F340E8-053B-4CDC-9EDD-B12D9B3D4271}.Debug|x64.Build.0 = Debug|Any CPU
		{32F340E8-053B-4CDC-9EDD-B12D9B3D4271}.Debug|x86.ActiveCfg = Debug|Any CPU
		{32F340E8-053B-4CDC-9EDD-B12D9B3D4271}.Debug|x86.Build.0 = Debug|Any CPU
		{32F340E8-053B-4CDC-9EDD-B12D9B3D4271}.Release|Any CPU.ActiveCfg = Release|Any CPU
		{32F340E8-053B-4CDC-9EDD-B12D9B3D4271}.Release|Any CPU.Build.0 = Release|Any CPU
		{32F340E8-053B-4CDC-9EDD-B12D9B3D4271}.Release|x64.ActiveCfg = Release|Any CPU
		{32F340E8-053B-4CDC-9EDD-B12D9B3D4271}.Release|x64.Build.0 = Release|Any CPU
		{32F340E8-053B-4CDC-9EDD-B12D9B3D4271}.Release|x86.ActiveCfg = Release|Any CPU
		{32F340E8-053B-4CDC-9EDD-B12D9B3D4271}.Release|x86.Build.0 = Release|Any CPU
	EndGlobalSection
	GlobalSection(SolutionProperties) = preSolution
		HideSolutionNode = FALSE
	EndGlobalSection
	GlobalSection(NestedProjects) = preSolution
		{3F1ADD12-BD84-4F5E-82FE-5357E509FA42} = {E5F56A47-7E13-40C8-810C-C304DFC02B02}
		{9404A3F3-FD67-4FF9-ACA7-B41F5C74C50D} = {E5F56A47-7E13-40C8-810C-C304DFC02B02}
		{9390A627-7039-47ED-863B-ADE61ADE52A7} = {E5F56A47-7E13-40C8-810C-C304DFC02B02}
		{EA9A23D6-ADE0-4CFE-A0B3-82EFE5349176} = {E25F18DD-358D-4A63-8EDE-7E5539362FC6}
		{6229FFDF-B2D9-425D-ABAA-808BB5ADAF35} = {E25F18DD-358D-4A63-8EDE-7E5539362FC6}
		{B0E4115C-7057-4232-9B33-FFAFBCCE9E97} = {E25F18DD-358D-4A63-8EDE-7E5539362FC6}
		{3BB08A8B-A522-403C-A1AD-AFFB5871CA3D} = {A42B6E9F-39AE-4B80-9D46-E3115994A96E}
		{E63B0127-3F70-4E39-A193-B10D7E05840C} = {A42B6E9F-39AE-4B80-9D46-E3115994A96E}
		{3AFC20EB-7130-4783-946A-4824DEDFD1C6} = {A42B6E9F-39AE-4B80-9D46-E3115994A96E}
		{FE6CFA86-BE7A-4FF1-9E34-1D66D348946C} = {D2B02577-538E-47D2-858B-8E77F13EBC72}
		{55B9B480-78C9-4215-8F86-4B5AD1C7AD05} = {D2B02577-538E-47D2-858B-8E77F13EBC72}
		{3A45D948-336D-4230-8BD2-9DBE9C3A608F} = {D2B02577-538E-47D2-858B-8E77F13EBC72}
		{BDFF368F-1283-4E0F-9B31-2CC3CEA9688A} = {27E503CC-4DDD-4EF2-91EF-FFD9F5AD3064}
		{FD133516-1DC0-4C62-A5C7-A7DFFCDA6CA3} = {27E503CC-4DDD-4EF2-91EF-FFD9F5AD3064}
		{BFCA2933-D5C5-42DF-87DB-454BD1739BAD} = {27E503CC-4DDD-4EF2-91EF-FFD9F5AD3064}
		{0967B78A-2CD9-4FAB-A659-2C553DACEF7B} = {F3AA8CB4-E89E-4189-A45D-47BD7BDA8A26}
		{0A6C9B2B-DDFD-458C-A778-60573ACF0E8E} = {F3AA8CB4-E89E-4189-A45D-47BD7BDA8A26}
		{32F340E8-053B-4CDC-9EDD-B12D9B3D4271} = {F3AA8CB4-E89E-4189-A45D-47BD7BDA8A26}
	EndGlobalSection
	GlobalSection(ExtensibilityGlobals) = postSolution
		SolutionGuid = {72B861F6-E17C-4D80-8EC9-FD4BA1EFEC95}
	EndGlobalSection
EndGlobal
